# THIS IS AN AUTOGENERATED FILE. DO NOT EDIT THIS FILE DIRECTLY.
assets/AjaxLoader.gif:
  development: 2018-04-04T16:41:34+02:00   5b8b06c052cac80413d62e5c45f9f37b
assets/FontAwesome.otf:
  development: 2018-04-04T16:41:34+02:00   064c9dfef596e0c25b6c76b8b2a28b99
assets/Logo_Quadri.png:
  development: 2018-04-08T17:57:17+02:00   47e5c8d4f54f3e60a6e8434ed943094d
assets/Shopping-cart.png:
  development: 2018-04-04T16:41:34+02:00   0575eb910bd14ef675f1766736dc009a
assets/ads-1-1.jpg:
  development: 2018-04-04T16:41:34+02:00   b37be8f4b6048c503906a92f73b0a099
assets/ads-2-1.jpg:
  development: 2018-04-04T16:41:34+02:00   7b8829ce7d4cab3d32eaf0e1ab676143
assets/ads-2-2.jpg:
  development: 2018-04-04T16:41:35+02:00   a87c8eb6feaa50f627938c725dd93786
assets/ads-2-3.jpg:
  development: 2018-04-04T16:41:35+02:00   483e660dadb29241fe0cf51df9dcfe5c
assets/ads-2-4.jpg:
  development: 2018-04-04T16:41:35+02:00   3b652766c509e4b98a64259b24e325e8
assets/ads-2-5.jpg:
  development: 2018-04-04T16:41:35+02:00   e9babec9b0aa39c0a112042d1c64512d
assets/ads-3-1.jpg:
  development: 2018-04-04T16:41:35+02:00   fd6354615c75603e5ea42bffa05051ec
assets/ads_block.jpg:
  development: 2018-04-04T16:41:35+02:00   42216afef5319c155b23309a2ecb2f54
assets/ajax-cart.js.liquid:
  development: 2018-04-04T16:41:36+02:00   b81baa9b2e73db7eaf98fb8209b19a62
assets/animate.css:
  development: 2018-04-04T16:41:36+02:00   5ff920880dcc7ef4c746beb3f90e078a
assets/banner_1_image.jpg:
  development: 2018-04-04T16:41:36+02:00   b2529b106af0b07a76dc1b680bd1f587
assets/banner_1_image_2.jpg:
  development: 2018-04-04T16:41:36+02:00   546a04348902dbf9d29da48e2f945fe3
assets/banner_2_image_1.jpg:
  development: 2018-04-04T16:41:36+02:00   62fe12d3f46c209b195e59d30abd60cb
assets/banner_2_image_2.jpg:
  development: 2018-04-04T16:41:36+02:00   947d1a8a56ea45d50bc41daa50285511
assets/bg-body.jpg:
  development: 2018-04-04T16:41:36+02:00   45079a3f8bdc385734b382223cbfbd12
assets/bg-sale.png:
  development: 2018-04-04T16:41:37+02:00   2226277530805ce732a080196a4b0b88
assets/bootstrap-custom.js:
  development: 2018-04-04T16:41:37+02:00   1efa0064c9da24f3702abf0b3a884bb7
assets/bootstrap.min.css:
  development: 2018-04-04T16:41:37+02:00   d622a9f9bb143f63f737b31a2c349e50
assets/brand_logo_1.jpg:
  development: 2018-04-04T16:41:37+02:00   efca8d2b3b0d8380749413cbf37621dc
assets/brand_logo_2.jpg:
  development: 2018-04-04T16:41:37+02:00   0e03007efc317718375f1a97fb9b100f
assets/brand_logo_3.jpg:
  development: 2018-04-04T16:41:37+02:00   2a5940d58f5e5911512ddead707be4fc
assets/brand_logo_4.jpg:
  development: 2018-04-04T16:41:37+02:00   fc5348e268b883bd2ffc0a57b8fcd436
assets/brand_logo_5.jpg:
  development: 2018-04-04T16:41:38+02:00   efca8d2b3b0d8380749413cbf37621dc
assets/brand_logo_6.jpg:
  development: 2018-04-04T16:41:38+02:00   0e03007efc317718375f1a97fb9b100f
assets/brand_logo_7.jpg:
  development: 2018-04-04T16:41:38+02:00   2a5940d58f5e5911512ddead707be4fc
assets/brand_logo_8.jpg:
  development: 2018-04-04T16:41:38+02:00   fc5348e268b883bd2ffc0a57b8fcd436
assets/brand_logo_9.jpg:
  development: 2018-04-04T16:41:38+02:00   efca8d2b3b0d8380749413cbf37621dc
assets/brand_logo_10.jpg:
  development: 2018-04-04T16:41:37+02:00   0e03007efc317718375f1a97fb9b100f
assets/cart.png:
  development: 2018-04-04T16:41:38+02:00   2f410f6834fc3d72a63880551ec048e1
assets/collection.js.liquid:
  development: 2018-04-04T16:41:38+02:00   7bb733ba7bd76dfc852d240eaa5007fe
assets/elements.css:
  development: 2018-04-04T16:41:38+02:00   47365fe875690d14d8f8328e39c2212e
assets/fastclick.min.js:
  development: 2018-04-04T16:41:39+02:00   351621492ae61c2d0a351b4a96e19bff
assets/font-awesome.css:
  development: 2018-04-04T16:41:39+02:00   d860313e1974c25cdd246e9f39636fe2
assets/fontawesome-webfont.eot:
  development: 2018-04-04T16:41:39+02:00   5376f0ab79180a6686774eb9d62c00de
assets/fontawesome-webfont.svg:
  development: 2018-04-04T16:41:39+02:00   9e3969ba8fa47a839717c10478ef99ea
assets/fontawesome-webfont.ttf:
  development: 2018-04-04T16:41:39+02:00   b3356e9132166cc618110bb4ac24b9cd
assets/fontawesome-webfont.woff:
  development: 2018-04-04T16:41:39+02:00   273f0bb520e37453d185a6ec9e566351
assets/fontawesome-webfont.woff2:
  development: 2018-04-04T16:41:40+02:00   7b4635e4bc709f12d7ac73f4d8c5261e
assets/footer_image.png:
  development: 2018-04-04T16:41:40+02:00   9e818628ed4312bbdad0f13cfb5c61cc
assets/footer_logo.png:
  development: 2018-04-04T16:41:40+02:00   968638d77bd3b76e096076337d8c384d
assets/gift-card.scss.liquid:
  development: 2018-04-04T16:41:40+02:00   de88a992b0b9d920d8685e34b7be4c2b
assets/grabbing.png:
  development: 2018-04-04T16:41:40+02:00   d817e1dba5bd5d891d0504bf1715807b
assets/handlebars.min.js:
  development: 2018-04-04T16:41:40+02:00   bbdc800cc5783cc9c0e5fdd47196d506
assets/header-img.png:
  development: 2018-04-08T01:38:56+02:00   135cd4563ae06363dbf1d8275ee4db70
assets/header-img2.png:
  development: 2018-04-08T01:38:55+02:00   d25b4bb38e4ca014b9290adf67352196
assets/header-img3.png:
  development: 2018-04-08T01:38:56+02:00   0758410a6033f7ddf88d584d61f2f6be
assets/header-img4.png:
  development: 2018-04-08T16:28:08+02:00   4ea70ec71c9aa8d1fb34e112a44215cb
assets/i-title.png:
  development: 2018-04-04T16:41:40+02:00   0967b228f42be55d8f8e5c1afeeb740c
assets/ico-select.svg.liquid:
  development: 2018-04-04T16:41:40+02:00   9c9cc5a57cc74a0a64c2f62b1370a920
assets/icon-email.png:
  development: 2018-04-04T16:41:41+02:00   54f8092b3ace4f1362ce5cf1e9be4921
assets/icon-location.png:
  development: 2018-04-04T16:41:41+02:00   4ab2ae93481671ca8a8b6b5ca5f0b291
assets/icon-mobile.png:
  development: 2018-04-04T16:41:41+02:00   19981ee02906f58ced3c26b602c56b87
assets/icon-user.png:
  development: 2018-04-04T16:41:41+02:00   771da980a1e6fb03844a9758e6d76753
assets/icons.eot:
  development: 2018-04-04T16:41:41+02:00   4ab85219b8393861a53c5f2f72fcec06
assets/icons.json:
  development: 2018-04-04T16:41:41+02:00   be1bbac27ddeecc3152baceb6c705461
assets/icons.svg:
  development: 2018-04-04T16:41:41+02:00   5e7faf78d86518860d52569d6296bb9d
assets/icons.ttf:
  development: 2018-04-04T16:41:41+02:00   9fc5073cc74d48d2d6f51483a26d9cba
assets/icons.woff:
  development: 2018-04-04T16:41:42+02:00   58ac879bd5a04ecc22ae891c0e88bead
assets/image_slider1.jpg:
  development: 2018-04-04T16:41:42+02:00   1d8ba59faf88cfa4b221c55bb5bb1474
assets/image_slider2.jpg:
  development: 2018-04-04T16:41:42+02:00   663d28da31761a8ec6704d2901036a3c
assets/image_slider3.jpg:
  development: 2018-04-04T16:41:42+02:00   119f3b0eb66d5ef2de5194e51cb6734c
assets/jquery.currencies.min.js:
  development: 2018-04-04T16:41:42+02:00   e15226715e509521cbb4f25d44fe7fed
assets/jquery.fancybox.css:
  development: 2018-04-04T16:41:42+02:00   2ee493aaac18446a0eeae0860b24e894
assets/jquery.fancybox.js:
  development: 2018-04-04T16:41:42+02:00   cc9e759f24ba773aeef8a131889d3728
assets/jquery.jcarousellite.js:
  development: 2018-04-04T16:41:42+02:00   a8f3fc59f2b266d2fa33bb9815725757
assets/jquery_accordion.js:
  development: 2018-04-07T18:48:31+02:00   cc526ab48ca4bff6f012c5409d7cc50d
assets/logo.png:
  development: 2018-04-04T16:41:43+02:00   3e4615d2c99b895c48e0cf96863fa21f
assets/minus.png:
  development: 2018-04-07T18:48:30+02:00   d34239a4b4c500abc56c54ff99f8839e
assets/modernizr.min.js:
  development: 2018-04-04T16:41:43+02:00   ab2abefe8877efc3f058844353d4088a
assets/newsletter_image.jpg:
  development: 2018-04-04T16:41:43+02:00   18e2451dbe80d05b39516dd2a2035a27
assets/owl.carousel.css:
  development: 2018-04-04T16:41:43+02:00   d64e6752790d946ee4d2032e0ad2c1e5
assets/owl.carousel.min.js:
  development: 2018-04-04T16:41:43+02:00   ff9a35178354032a326d1ea90f1038d3
assets/owl.theme.css:
  development: 2018-04-04T16:41:43+02:00   5c59f8531816c0d46f9960276db14286
assets/owl.transitions.css:
  development: 2018-04-04T16:41:43+02:00   c2d6c2845cb1147fd99ffa05682cb4b8
assets/payment.png:
  development: 2018-04-04T16:41:43+02:00   638a0880fc148c78d20b889884c55aaa
assets/payment1.jpg:
  development: 2018-04-04T16:41:44+02:00   ff8fa002608abd3cf7da0e3c079508ec
assets/payment2.jpg:
  development: 2018-04-04T16:41:44+02:00   dd22c2b6b87d0a5fd44480989495fb05
assets/payment3.jpg:
  development: 2018-04-04T16:41:44+02:00   cb31b55be811674dd2a6490aec972181
assets/payment4.jpg:
  development: 2018-04-04T16:41:44+02:00   93393916a55379dd14e468310782d317
assets/payment5.jpg:
  development: 2018-04-04T16:41:44+02:00   c46c333332467b5c022ae711fbb75a01
assets/payment6.jpg:
  development: 2018-04-04T16:41:44+02:00   337946a31db43d73106040f5e9baa5be
assets/payment7.jpg:
  development: 2018-04-04T16:41:44+02:00   cfdb3c161f2c2aed18b81b7189626883
assets/plugins.min.js:
  development: 2018-04-04T16:41:44+02:00   124f1a4b1424fb16c662cb98f1c4cfaf
assets/plus.png:
  development: 2018-04-07T18:48:31+02:00   296feb2ea0b90695526af11b19c567c9
assets/quickview.js.liquid:
  development: 2018-04-04T16:41:44+02:00   5d18dd62017358e6cb4af9dc90be0aaa
assets/respond-proxy.html:
  development: 2018-04-04T16:41:45+02:00   7c5a4fb84c754b3a27645538a8329d05
assets/respond.min.js:
  development: 2018-04-04T16:41:45+02:00   9d629d7bc73780291499c6c0738e38dd
assets/sca-jquery.fancybox.css:
  development: 2018-04-04T16:41:45+02:00   57a34d6f2e370f8bbc3bccf0a0c84cfc
assets/sca-quick-view.css:
  development: 2018-04-04T16:41:45+02:00   d03594bf659b6957151713181ca9df23
assets/sca-qv-no-image.jpg:
  development: 2018-04-04T16:41:45+02:00   0688db33c9498c71d7f258d6d56918d8
assets/size_chart_content.jpg:
  development: 2018-04-04T16:41:45+02:00   21e1ade2c4ee0ab0dd984d7fc0104610
assets/slide_logo_1.jpg:
  development: 2018-04-04T16:41:45+02:00   d28e205a406d98f492a72a3522b6c760
assets/slide_logo_2.jpg:
  development: 2018-04-04T16:41:46+02:00   af3a0b2a97cd2d76368e996a69068693
assets/slide_logo_3.jpg:
  development: 2018-04-04T16:41:46+02:00   fae4826c86b8ab509012e473b6cb7f77
assets/slide_logo_4.jpg:
  development: 2018-04-04T16:41:46+02:00   0a3297bf36545582f549ff4e332cd3eb
assets/slide_logo_5.jpg:
  development: 2018-04-04T16:41:46+02:00   9a7620f66249dd542ade18989379220a
assets/style.scss.liquid:
  development: 2018-04-04T16:41:46+02:00   bb11bd636d41f61068b9b2646f38fb07
assets/tes-1.jpg:
  development: 2018-04-04T16:41:46+02:00   43c8b3728ae4e43a0e912627374cb33e
assets/tes-2.jpg:
  development: 2018-04-04T16:41:46+02:00   bd645720f08debc76d8ffc60bb3c1e2c
assets/theme.css:
  development: 2018-04-08T19:46:09+02:00   192dd6c80a14ff27f3930d73121e9f34
assets/theme.css.map:
  development: 2018-04-07T23:15:39+02:00   7ed9c78ba2bab83ca16ff9ed9d504f90
assets/timber.js.liquid:
  development: 2018-04-04T16:41:46+02:00   87014e976ab6355a6e42bd823298b3b1
assets/timber.scss.liquid:
  development: 2018-04-04T16:41:47+02:00   a18eb99fa1560548370658071721b57a
assets/wish-list.js.liquid:
  development: 2018-04-04T16:41:47+02:00   d803dfaa799d92dd04d4c676ecc3c75c
assets/wow.min.js:
  development: 2018-04-04T16:41:47+02:00   137ad302a4a3111f601fd8117f926caf
config/settings_data.json:
  development: 2018-04-05T23:44:05+02:00   cda25537e6effa3d2c8ba7c0abfa472b
config/settings_schema.json:
  development: 2018-04-07T22:20:15+02:00   933826aae379e45d4e2ca0d295d9d5e7
layout/theme.liquid:
  development: 2018-04-07T22:48:50+02:00   b19fd6b73579e455de31ffc17fa5a299
locales/de.json:
  development: 2018-04-04T16:41:47+02:00   c941315d377de38e2e42af28be3da5ed
locales/en.default.json:
  development: 2018-04-04T16:41:47+02:00   0dba8381378edd8e1c0a8179f149161c
locales/es.json:
  development: 2018-04-04T16:41:47+02:00   fe83077b712448f4307f46d66a25afa2
locales/fr.json:
  development: 2018-04-04T16:41:47+02:00   33c3f3cb730474b8dbc08ef833d3cf30
locales/it.json:
  development: 2018-04-05T16:01:18+02:00   f89d37ae4cb87d0dfd5f63a2305a10d2
locales/pt-BR.json:
  development: 2018-04-04T16:41:47+02:00   b8677dfb2984b55d8cf555b2645043bf
locales/pt-PT.json:
  development: 2018-04-04T16:41:47+02:00   a8072f49dde077a57b4232b35fd91ac3
sections/about-template.liquid:
  development: 2018-04-04T16:41:33+02:00   a5c4582e5320cdc7f334dca5675473b9
sections/footer.liquid:
  development: 2018-04-08T19:58:05+02:00   0976510d84a4aa6a2268abb392bf4d1d
sections/header.liquid:
  development: 2018-04-08T17:22:28+02:00   539f757fce54cc98da976937b0b3b8e1
sections/section-banner-1-col.liquid:
  development: 2018-04-04T16:41:33+02:00   1afbe7ff237f962741b6b3c7b667aa9c
sections/section-banner-2-col.liquid:
  development: 2018-04-04T16:41:33+02:00   1cdaa793b75879c013a3549881a1a173
sections/section-blog.liquid:
  development: 2018-04-08T19:05:58+02:00   a0721d412fc78144b8f20aa5a4b8d6ee
sections/section-brand.liquid:
  development: 2018-04-08T04:08:06+02:00   eb9e8601444016d3114475c21e3c5083
sections/section-categories.liquid:
  development: 2018-04-04T16:41:33+02:00   bbdc266513851c6a9d8b2fd0b063c6d3
sections/section-collection-list.liquid:
  development: 2018-04-04T16:41:33+02:00   05089a1134a2f7d67f739822fed0b9f6
sections/section-collection.liquid:
  development: 2018-04-04T16:41:33+02:00   43427b0ffdf7d9e3dad894b81fa71b14
sections/section-contact.liquid:
  development: 2018-04-04T16:41:33+02:00   ca883a90f03e2c7a8afbb59f5eece321
sections/section-product-featured.liquid:
  development: 2018-04-08T03:29:56+02:00   f7f0e34eb458f2f49a913a8b7172b539
sections/section-product-tab.liquid:
  development: 2018-04-04T16:41:33+02:00   bf3b273e71fe6becbd861927936ea954
sections/section-product-widget-3.liquid:
  development: 2018-04-04T16:41:34+02:00   e7ba6c2ad6f23f49ac73f51f3261555b
sections/section-product.liquid:
  development: 2018-04-07T18:21:27+02:00   f170a9bc438fa3ccbb3d39f345fffe5c
sections/section-slider.liquid:
  development: 2018-04-07T23:47:45+02:00   c161982a8274ec482e944e5800b20c58
snippets/add-wishlist.liquid:
  development: 2018-04-04T16:41:47+02:00   08b4f76b8259a2532cebd7511b7bee4e
snippets/addthis.liquid:
  development: 2018-04-04T16:41:47+02:00   28d17fca0d326d622879996a7a82fa63
snippets/ajax-cart-template.liquid:
  development: 2018-04-04T16:41:47+02:00   f7541b8c399832c4d1376014e09c3d9a
snippets/block-color.liquid:
  development: 2018-04-04T16:41:47+02:00   453d4a14edb3eb9cc345904d7b2bf162
snippets/block-productdeal.liquid:
  development: 2018-04-04T16:41:47+02:00   c959a3c7a83f6db26acc2f58be9e0884
snippets/blog-sidebar.liquid:
  development: 2018-04-04T16:41:47+02:00   a09bf9bf237e000533a1822aec7f5bc8
snippets/breadcrumb.liquid:
  development: 2018-04-04T16:41:47+02:00   fc1326c12f5c2ecd0ce9f005f2227627
snippets/collection-sidebar.liquid:
  development: 2018-04-04T16:41:47+02:00   c6e69b2aad8e36d6af53f1f379752c98
snippets/collection-sorting.liquid:
  development: 2018-04-04T16:41:47+02:00   392daee58e95f19eaf3921ca4cbcdd71
snippets/collection.shopby-color.liquid:
  development: 2018-04-04T16:41:47+02:00   cdce5992806afddef4e054c72b46796f
snippets/collection.shopby-price.liquid:
  development: 2018-04-04T16:41:48+02:00   55c2846cbeac070bd93a4c57ac8d9fe3
snippets/collection.wishlist.liquid:
  development: 2018-04-04T16:41:48+02:00   d75d0f173616902d30289f001ac7c7e3
snippets/comment.liquid:
  development: 2018-04-04T16:41:48+02:00   1cbde57d9124aa7debcea5993830905c
snippets/currencies.liquid:
  development: 2018-04-04T16:41:48+02:00   729c09c3639208a06d7ecb529308a3ac
snippets/currency-picker.liquid:
  development: 2018-04-04T16:41:48+02:00   4d48e0b48f5c807ce9ee5f71fc4d2388
snippets/menu.liquid:
  development: 2018-04-07T23:44:50+02:00   fde975f2aa04e2ce909ed8c113cb56ad
snippets/oldIE-js.liquid:
  development: 2018-04-04T16:41:48+02:00   50f0bcbd0535ef149184af2e856a5ff6
snippets/onboarding-empty-collection-list.liquid:
  development: 2018-04-04T16:41:48+02:00   2b53fb2a82591a0d4437d016e11e8045
snippets/onboarding-empty-collection.liquid:
  development: 2018-04-04T16:41:48+02:00   a2d7413727efc16a3e97f02343a81127
snippets/onboarding-featured-collections.liquid:
  development: 2018-04-04T16:41:48+02:00   4f5b26843c812a58a1b3c7ef4629fcd3
snippets/onboarding-featured-products.liquid:
  development: 2018-04-04T16:41:48+02:00   8be957f3c84b4e5e57666156eea9b834
snippets/popup-newsletter.liquid:
  development: 2018-04-04T16:41:48+02:00   7878d4de125d2695f41ba2a19430fd47
snippets/product-grid-item.liquid:
  development: 2018-04-04T16:41:48+02:00   97ad4c59a3c0e2b12ea84f86e8eaed03
snippets/product-item-featured.liquid:
  development: 2018-04-04T16:41:48+02:00   e800e2d4ef430865aa0d818f214a1d27
snippets/product-item.liquid:
  development: 2018-04-04T16:41:48+02:00   6fe8a5eb050f0b7888f2c5a42f880b98
snippets/product-quick-view.liquid:
  development: 2018-04-07T17:32:36+02:00   3ebd135d05d98a898c115a5c7a3863ff
snippets/related-products.liquid:
  development: 2018-04-06T16:58:24+02:00   672c6a14f71c169cfebef53e76ad414f
snippets/respond.liquid:
  development: 2018-04-04T16:41:48+02:00   74cf1efdc4d02f96d49d9b04451c5111
snippets/sca-quick-view-init.liquid:
  development: 2018-04-04T16:41:48+02:00   d35cd43afc36f48ca6df1f85d04993d5
snippets/sca-quick-view-template.liquid:
  development: 2018-04-04T16:41:48+02:00   c41b21ccb7397f36dca45772ad35597e
snippets/sca-quick-view.liquid:
  development: 2018-04-04T16:41:48+02:00   f8d4fcd6b794b92f2118f5128e6ba6b2
snippets/search-autocomplete.liquid:
  development: 2018-04-04T16:41:48+02:00   d5f55b316438481c8b279d0733b69985
snippets/search-bar.liquid:
  development: 2018-04-04T16:41:48+02:00   b0a8d51c728d1477185b5f7f7395b111
snippets/sidebar-cat.liquid:
  development: 2018-04-08T03:43:10+02:00   e79dd37b8497aabd1bb9f5b73d15c8fe
snippets/social-meta-tags.liquid:
  development: 2018-04-04T16:41:49+02:00   222a3f0d13a871f32574494f8de5c651
snippets/swatch.liquid:
  development: 2018-04-04T16:41:49+02:00   7ecb1906aedec9494a21ea97075c4691
snippets/tags-article.liquid:
  development: 2018-04-04T16:41:49+02:00   056f55f45e57558dc3bb0b90e0bd6b00
snippets/template-popup.liquid:
  development: 2018-04-04T16:41:49+02:00   8ea1b8f1a1da3211899fa5e6a647d3b1
snippets/verticalmenu.liquid:
  development: 2018-04-04T16:41:49+02:00   f2f9388b4301904432e1125ca9c00d6b
snippets/widget-product.liquid:
  development: 2018-04-04T16:41:49+02:00   c8ebde923337dcd575319e5b14a69184
snippets/wishlist-item.liquid:
  development: 2018-04-04T16:41:49+02:00   997b15f9b3af402b8a3534332ae54a78
snippets/wishlist-product.liquid:
  development: 2018-04-04T16:41:49+02:00   518fd7452d712710918a95d857467edb
snippets/wishlist-product.liquid.bak:
  development: 2018-04-04T16:41:49+02:00   02452f7b04364a7689c690dc1d376a9a
snippets/zopim.liquid:
  development: 2018-04-04T16:41:49+02:00   8acb9451e6c4a901a3291b265ec26d11
templates/404.liquid:
  development: 2018-04-04T16:41:49+02:00   9d6c88c1e1f37cb97a34e2afcf4c047c
templates/article.liquid:
  development: 2018-04-04T16:41:49+02:00   7761d357f8c47d41e254b86861545dc4
templates/blog.liquid:
  development: 2018-04-05T12:41:05+02:00   e8c3ca6e47a1d6ca3312b6cd96427f42
templates/cart.liquid:
  development: 2018-04-04T16:41:49+02:00   19fb26aea4148f01476aaa80dc5db63b
templates/collection.liquid:
  development: 2018-04-04T16:41:49+02:00   c74f5682fe8c0b04392279b26e0ee4e4
templates/collection.list.liquid:
  development: 2018-04-04T16:41:49+02:00   d71c3e8c646422426f5d6aa2313c95ef
templates/customers/account.liquid:
  development: 2018-04-04T16:41:49+02:00   fde94fc202cc8b3902ed129106aeb40a
templates/customers/activate_account.liquid:
  development: 2018-04-07T04:20:12+02:00   eed35d040b335252929cdd676f45ba1d
templates/customers/addresses.liquid:
  development: 2018-04-04T16:41:49+02:00   c759d9064e668094ae4c95a937947ef3
templates/customers/login.liquid:
  development: 2018-04-04T16:41:49+02:00   f5c1a7c673141695ecc6c70c47c099fc
templates/customers/order.liquid:
  development: 2018-04-04T16:41:49+02:00   a3771af3c64bbecec9ac8d1e1c2249e0
templates/customers/register.liquid:
  development: 2018-04-04T16:41:49+02:00   d4d87e4d385f4f75fc9e5f098027fbff
templates/customers/reset_password.liquid:
  development: 2018-04-04T16:41:49+02:00   cdebaaf84dce59843d53376a2dfd5c90
templates/gift_card.liquid:
  development: 2018-04-04T16:41:49+02:00   8680feb518d7839ecbb90eccc3622bdd
templates/index.liquid:
  development: 2018-04-04T16:41:50+02:00   b1dfac8c369520b2d32269ccaead64a0
templates/index.sca.quickviewpro.liquid:
  development: 2018-04-04T16:41:50+02:00   dfccd83b942bbabae49aaf0baec30435
templates/list-collections.liquid:
  development: 2018-04-05T12:57:46+02:00   d98ce4d3ef3852937684d0786ade199b
templates/page.aboutus.liquid:
  development: 2018-04-04T16:41:50+02:00   9e670512f117d5cac468373dfc386536
templates/page.contact.liquid:
  development: 2018-04-04T16:41:50+02:00   01b7da6e8d7f6b5416525718ed06227b
templates/page.liquid:
  development: 2018-04-04T16:41:50+02:00   660f3d6ed119a97f0205d6d03d2bab87
templates/page.wishlist.liquid:
  development: 2018-04-04T16:41:50+02:00   ab919da1aa33506fd3831b388d1f40a7
templates/product.liquid:
  development: 2018-04-04T16:41:50+02:00   18ac79d4474203864f7d10af40f831ca
templates/search.json.liquid:
  development: 2018-04-04T16:41:50+02:00   7889f4613d9ac54b37a10520c4469c63
templates/search.liquid:
  development: 2018-04-04T16:41:50+02:00   3179f3b2516a764d4b41c6d38785e076
